{
  "requires": true,
  "lockfileVersion": 1,
  "dependencies": {
    "events": {
      "version": "3.2.0",
      "resolved": "https://registry.npmjs.org/events/-/events-3.2.0.tgz",
      "integrity": "sha512-/46HWwbfCX2xTawVfkKLGxMifJYQBWMwY1mjywRtb4c9x8l5NP3KoJtnIOiL1hfdRkIuYhETxQlo62IF8tcnlg=="
    },
    "tiny-timer": {
      "version": "1.5.1",
      "resolved": "https://registry.npmjs.org/tiny-timer/-/tiny-timer-1.5.1.tgz",
      "integrity": "sha512-ywW06n0cPSiCIdQTDCBMmdK2Jw1Io8f8n6OJQyNv6GpOoLJjJdWCRWwIaedukc7B+oPPEBd8qmq+175tnl7TWA==",
      "requires": {
        "events": "^3.2.0"
      }
    }
  }
}
